
Microsoft Visual Studio Solution File, Format Version 12.00
# Visual Studio 15
VisualStudioVersion = 15.0.28307.1705
MinimumVisualStudioVersion = 10.0.40219.1
Project("{FAE04EC0-301F-11D3-BF4B-00C04F79EFBC}") = "SuperShopDatabase", "SuperShopDatabase\SuperShopDatabase.csproj", "{FFFD9172-758E-4EAA-B74A-3EA25735A1D1}"
EndProject
Global
	GlobalSection(SolutionConfigurationPlatforms) = preSolution
		Debug|Any CPU = Debug|Any CPU
		Release|Any CPU = Release|Any CPU
	EndGlobalSection
	GlobalSection(ProjectConfigurationPlatforms) = postSolution
		{FFFD9172-758E-4EAA-B74A-3EA25735A1D1}.Debug|Any CPU.ActiveCfg = Debug|Any CPU
		{FFFD9172-758E-4EAA-B74A-3EA25735A1D1}.Debug|Any CPU.Build.0 = Debug|Any CPU
		{FFFD9172-758E-4EAA-B74A-3EA25735A1D1}.Release|Any CPU.ActiveCfg = Release|Any CPU
		{FFFD9172-758E-4EAA-B74A-3EA25735A1D1}.Release|Any CPU.Build.0 = Release|Any CPU
	EndGlobalSection
	GlobalSection(SolutionProperties) = preSolution
		HideSolutionNode = FALSE
	EndGlobalSection
	GlobalSection(ExtensibilityGlobals) = postSolution
		SolutionGuid = {304D404F-1990-42AC-9E26-C68AF57C0FC3}
	EndGlobalSection
EndGlobal
